// !$*UTF8*$!
{
	archiveVersion = 1;
	classes = {
	};
	objectVersion = 50;
	objects = {

/* Begin PBXBuildFile section */
		66FD0D2F215B4FAF003B4930 /* AppDelegate.swift in Sources */ = {isa = PBXBuildFile; fileRef = 66FD0D2E215B4FAF003B4930 /* AppDelegate.swift */; };
		66FD0D32215B4FAF003B4930 /* RamaraoJsonAssignment.xcdatamodeld in Sources */ = {isa = PBXBuildFile; fileRef = 66FD0D30215B4FAF003B4930 /* RamaraoJsonAssignment.xcdatamodeld */; };
		66FD0D34215B4FAF003B4930 /* MasterViewController.swift in Sources */ = {isa = PBXBuildFile; fileRef = 66FD0D33215B4FAF003B4930 /* MasterViewController.swift */; };
		66FD0D36215B4FAF003B4930 /* DetailViewController.swift in Sources */ = {isa = PBXBuildFile; fileRef = 66FD0D35215B4FAF003B4930 /* DetailViewController.swift */; };
		66FD0D39215B4FAF003B4930 /* Main.storyboard in Resources */ = {isa = PBXBuildFile; fileRef = 66FD0D37215B4FAF003B4930 /* Main.storyboard */; };
		66FD0D3B215B4FB0003B4930 /* Assets.xcassets in Resources */ = {isa = PBXBuildFile; fileRef = 66FD0D3A215B4FB0003B4930 /* Assets.xcassets */; };
		66FD0D3E215B4FB0003B4930 /* LaunchScreen.storyboard in Resources */ = {isa = PBXBuildFile; fileRef = 66FD0D3C215B4FB0003B4930 /* LaunchScreen.storyboard */; };
/* End PBXBuildFile section */

/* Begin PBXFileReference section */
		66FD0D2B215B4FAF003B4930 /* RamaraoJsonAssignment.app */ = {isa = PBXFileReference; explicitFileType = wrapper.application; includeInIndex = 0; path = RamaraoJsonAssignment.app; sourceTree = BUILT_PRODUCTS_DIR; };
		66FD0D2E215B4FAF003B4930 /* AppDelegate.swift */ = {isa = PBXFileReference; lastKnownFileType = sourcecode.swift; path = AppDelegate.swift; sourceTree = "<group>"; };
		66FD0D31215B4FAF003B4930 /* RamaraoJsonAssignment.xcdatamodel */ = {isa = PBXFileReference; lastKnownFileType = wrapper.xcdatamodel; path = RamaraoJsonAssignment.xcdatamodel; sourceTree = "<group>"; };
		66FD0D33215B4FAF003B4930 /* MasterViewController.swift */ = {isa = PBXFileReference; lastKnownFileType = sourcecode.swift; path = MasterViewController.swift; sourceTree = "<group>"; };
		66FD0D35215B4FAF003B4930 /* DetailViewController.swift */ = {isa = PBXFileReference; lastKnownFileType = sourcecode.swift; path = DetailViewController.swift; sourceTree = "<group>"; };
		66FD0D38215B4FAF003B4930 /* Base */ = {isa = PBXFileReference; lastKnownFileType = file.storyboard; name = Base; path = Base.lproj/Main.storyboard; sourceTree = "<group>"; };
		66FD0D3A215B4FB0003B4930 /* Assets.xcassets */ = {isa = PBXFileReference; lastKnownFileType = folder.assetcatalog; path = Assets.xcassets; sourceTree = "<group>"; };
		66FD0D3D215B4FB0003B4930 /* Base */ = {isa = PBXFileReference; lastKnownFileType = file.storyboard; name = Base; path = Base.lproj/LaunchScreen.storyboard; sourceTree = "<group>"; };
		66FD0D3F215B4FB0003B4930 /* Info.plist */ = {isa = PBXFileReference; lastKnownFileType = text.plist.xml; path = Info.plist; sourceTree = "<group>"; };
/* End PBXFileReference section */

/* Begin PBXFrameworksBuildPhase section */
		66FD0D28215B4FAF003B4930 /* Frameworks */ = {
			isa = PBXFrameworksBuildPhase;
			buildActionMask = 2147483647;
			files = (
			);
			runOnlyForDeploymentPostprocessing = 0;
		};
/* End PBXFrameworksBuildPhase section */

/* Begin PBXGroup section */
		66FD0D22215B4FAF003B4930 = {
			isa = PBXGroup;
			children = (
				66FD0D2D215B4FAF003B4930 /* RamaraoJsonAssignment */,
				66FD0D2C215B4FAF003B4930 /* Products */,
			);
			sourceTree = "<group>";
		};
		66FD0D2C215B4FAF003B4930 /* Products */ = {
			isa = PBXGroup;
			children = (
				66FD0D2B215B4FAF003B4930 /* RamaraoJsonAssignment.app */,
			);
			name = Products;
			sourceTree = "<group>";
		};
		66FD0D2D215B4FAF003B4930 /* RamaraoJsonAssignment */ = {
			isa = PBXGroup;
			children = (
				66FD0D2E215B4FAF003B4930 /* AppDelegate.swift */,
				66FD0D33215B4FAF003B4930 /* MasterViewController.swift */,
				66FD0D35215B4FAF003B4930 /* DetailViewController.swift */,
				66FD0D37215B4FAF003B4930 /* Main.storyboard */,
				66FD0D3A215B4FB0003B4930 /* Assets.xcassets */,
				66FD0D3C215B4FB0003B4930 /* LaunchScreen.storyboard */,
				66FD0D3F215B4FB0003B4930 /* Info.plist */,
				66FD0D30215B4FAF003B4930 /* RamaraoJsonAssignment.xcdatamodeld */,
			);
			path = RamaraoJsonAssignment;
			sourceTree = "<group>";
		};
/* End PBXGroup section */

/* Begin PBXNativeTarget section */
		66FD0D2A215B4FAF003B4930 /* RamaraoJsonAssignment */ = {
			isa = PBXNativeTarget;
			buildConfigurationList = 66FD0D42215B4FB0003B4930 /* Build configuration list for PBXNativeTarget "RamaraoJsonAssignment" */;
			buildPhases = (
				66FD0D27215B4FAF003B4930 /* Sources */,
				66FD0D28215B4FAF003B4930 /* Frameworks */,
				66FD0D29215B4FAF003B4930 /* Resources */,
			);
			buildRules = (
			);
			dependencies = (
			);
			name = RamaraoJsonAssignment;
			productName = RamaraoJsonAssignment;
			productReference = 66FD0D2B215B4FAF003B4930 /* RamaraoJsonAssignment.app */;
			productType = "com.apple.product-type.application";
		};
/* End PBXNativeTarget section */

/* Begin PBXProject section */
		66FD0D23215B4FAF003B4930 /* Project object */ = {
			isa = PBXProject;
			attributes = {
				LastSwiftUpdateCheck = 0940;
				LastUpgradeCheck = 0940;
				ORGANIZATIONNAME = SALTSIDE;
				TargetAttributes = {
					66FD0D2A215B4FAF003B4930 = {
						CreatedOnToolsVersion = 9.4.1;
					};
				};
			};
			buildConfigurationList = 66FD0D26215B4FAF003B4930 /* Build configuration list for PBXProject "RamaraoJsonAssignment" */;
			compatibilityVersion = "Xcode 9.3";
			developmentRegion = en;
			hasScannedForEncodings = 0;
			knownRegions = (
				en,
				Base,
			);
			mainGroup = 66FD0D22215B4FAF003B4930;
			productRefGroup = 66FD0D2C215B4FAF003B4930 /* Products */;
			projectDirPath = "";
			projectRoot = "";
			targets = (
				66FD0D2A215B4FAF003B4930 /* RamaraoJsonAssignment */,
			);
		};
/* End PBXProject section */

/* Begin PBXResourcesBuildPhase section */
		66FD0D29215B4FAF003B4930 /* Resources */ = {
			isa = PBXResourcesBuildPhase;
			buildActionMask = 2147483647;
			files = (
				66FD0D3E215B4FB0003B4930 /* LaunchScreen.storyboard in Resources */,
				66FD0D3B215B4FB0003B4930 /* Assets.xcassets in Resources */,
				66FD0D39215B4FAF003B4930 /* Main.storyboard in Resources */,
			);
			runOnlyForDeploymentPostprocessing = 0;
		};
/* End PBXResourcesBuildPhase section */

/* Begin PBXSourcesBuildPhase section */
		66FD0D27215B4FAF003B4930 /* Sources */ = {
			isa = PBXSourcesBuildPhase;
			buildActionMask = 2147483647;
			files = (
				66FD0D32215B4FAF003B4930 /* RamaraoJsonAssignment.xcdatamodeld in Sources */,
				66FD0D2F215B4FAF003B4930 /* AppDelegate.swift in Sources */,
				66FD0D34215B4FAF003B4930 /* MasterViewController.swift in Sources */,
				66FD0D36215B4FAF003B4930 /* DetailViewController.swift in Sources */,
			);
			runOnlyForDeploymentPostprocessing = 0;
		};
/* End PBXSourcesBuildPhase section */

/* Begin PBXVariantGroup section */
		66FD0D37215B4FAF003B4930 /* Main.storyboard */ = {
			isa = PBXVariantGroup;
			children = (
				66FD0D38215B4FAF003B4930 /* Base */,
			);
			name = Main.storyboard;
			sourceTree = "<group>";
		};
		66FD0D3C215B4FB0003B4930 /* LaunchScreen.storyboard */ = {
			isa = PBXVariantGroup;
			children = (
				66FD0D3D215B4FB0003B4930 /* Base */,
			);
			name = LaunchScreen.storyboard;
			sourceTree = "<group>";
		};
/* End PBXVariantGroup section */

/* Begin XCBuildConfiguration section */
		66FD0D40215B4FB0003B4930 /* Debug */ = {
			isa = XCBuildConfiguration;
			buildSettings = {
				ALWAYS_SEARCH_USER_PATHS = NO;
				CLANG_ANALYZER_NONNULL = YES;
				CLANG_ANALYZER_NUMBER_OBJECT_CONVERSION = YES_AGGRESSIVE;
				CLANG_CXX_LANGUAGE_STANDARD = "gnu++14";
				CLANG_CXX_LIBRARY = "libc++";
				CLANG_ENABLE_MODULES = YES;
				CLANG_ENABLE_OBJC_ARC = YES;
				CLANG_ENABLE_OBJC_WEAK = YES;
				CLANG_WARN_BLOCK_CAPTURE_AUTORELEASING = YES;
				CLANG_WARN_BOOL_CONVERSION = YES;
				CLANG_WARN_COMMA = YES;
				CLANG_WARN_CONSTANT_CONVERSION = YES;
				CLANG_WARN_DEPRECATED_OBJC_IMPLEMENTATIONS = YES;
				CLANG_WARN_DIRECT_OBJC_ISA_USAGE = YES_ERROR;
				CLANG_WARN_DOCUMENTATION_COMMENTS = YES;
				CLANG_WARN_EMPTY_BODY = YES;
				CLANG_WARN_ENUM_CONVERSION = YES;
				CLANG_WARN_INFINITE_RECURSION = YES;
				CLANG_WARN_INT_CONVERSION = YES;
				CLANG_WARN_NON_LITERAL_NULL_CONVERSION = YES;
				CLANG_WARN_OBJC_IMPLICIT_RETAIN_SELF = YES;
				CLANG_WARN_OBJC_LITERAL_CONVERSION = YES;
				CLANG_WARN_OBJC_ROOT_CLASS = YES_ERROR;
				CLANG_WARN_RANGE_LOOP_ANALYSIS = YES;
				CLANG_WARN_STRICT_PROTOTYPES = YES;
				CLANG_WARN_SUSPICIOUS_MOVE = YES;
				CLANG_WARN_UNGUARDED_AVAILABILITY = YES_AGGRESSIVE;
				CLANG_WARN_UNREACHABLE_CODE = YES;
				CLANG_WARN__DUPLICATE_METHOD_MATCH = YES;
				CODE_SIGN_IDENTITY = "iPhone Developer";
				COPY_PHASE_STRIP = NO;
				DEBUG_INFORMATION_FORMAT = dwarf;
				ENABLE_STRICT_OBJC_MSGSEND = YES;
				ENABLE_TESTABILITY = YES;
				GCC_C_LANGUAGE_STANDARD = gnu11;
				GCC_DYNAMIC_NO_PIC = NO;
				GCC_NO_COMMON_BLOCKS = YES;
				GCC_OPTIMIZATION_LEVEL = 0;
				GCC_PREPROCESSOR_DEFINITIONS = (
					"DEBUG=1",
					"$(inherited)",
				);
				GCC_WARN_64_TO_32_BIT_CONVERSION = YES;
				GCC_WARN_ABOUT_RETURN_TYPE = YES_ERROR;
				GCC_WARN_UNDECLARED_SELECTOR = YES;
				GCC_WARN_UNINITIALIZED_AUTOS = YES_AGGRESSIVE;
				GCC_WARN_UNUSED_FUNCTION = YES;
				GCC_WARN_UNUSED_VARIABLE = YES;
				IPHONEOS_DEPLOYMENT_TARGET = 11.4;
				MTL_ENABLE_DEBUG_INFO = YES;
				ONLY_ACTIVE_ARCH = YES;
				SDKROOT = iphoneos;
				SWIFT_ACTIVE_COMPILATION_CONDITIONS = DEBUG;
				SWIFT_OPTIMIZATION_LEVEL = "-Onone";
			};
			name = Debug;
		};
		66FD0D41215B4FB0003B4930 /* Release */ = {
			isa = XCBuildConfiguration;
			buildSettings = {
				ALWAYS_SEARCH_USER_PATHS = NO;
				CLANG_ANALYZER_NONNULL = YES;
				CLANG_ANALYZER_NUMBER_OBJECT_CONVERSION = YES_AGGRESSIVE;
				CLANG_CXX_LANGUAGE_STANDARD = "gnu++14";
				CLANG_CXX_LIBRARY = "libc++";
				CLANG_ENABLE_MODULES = YES;
				CLANG_ENABLE_OBJC_ARC = YES;
				CLANG_ENABLE_OBJC_WEAK = YES;
				CLANG_WARN_BLOCK_CAPTURE_AUTORELEASING = YES;
				CLANG_WARN_BOOL_CONVERSION = YES;
				CLANG_WARN_COMMA = YES;
				CLANG_WARN_CONSTANT_CONVERSION = YES;
				CLANG_WARN_DEPRECATED_OBJC_IMPLEMENTATIONS = YES;
				CLANG_WARN_DIRECT_OBJC_ISA_USAGE = YES_ERROR;
				CLANG_WARN_DOCUMENTATION_COMMENTS = YES;
				CLANG_WARN_EMPTY_BODY = YES;
				CLANG_WARN_ENUM_CONVERSION = YES;
				CLANG_WARN_INFINITE_RECURSION = YES;
				CLANG_WARN_INT_CONVERSION = YES;
				CLANG_WARN_NON_LITERAL_NULL_CONVERSION = YES;
				CLANG_WARN_OBJC_IMPLICIT_RETAIN_SELF = YES;
				CLANG_WARN_OBJC_LITERAL_CONVERSION = YES;
				CLANG_WARN_OBJC_ROOT_CLASS = YES_ERROR;
				CLANG_WARN_RANGE_LOOP_ANALYSIS = YES;
				CLANG_WARN_STRICT_PROTOTYPES = YES;
				CLANG_WARN_SUSPICIOUS_MOVE = YES;
				CLANG_WARN_UNGUARDED_AVAILABILITY = YES_AGGRESSIVE;
				CLANG_WARN_UNREACHABLE_CODE = YES;
				CLANG_WARN__DUPLICATE_METHOD_MATCH = YES;
				CODE_SIGN_IDENTITY = "iPhone Developer";
				COPY_PHASE_STRIP = NO;
				DEBUG_INFORMATION_FORMAT = "dwarf-with-dsym";
				ENABLE_NS_ASSERTIONS = NO;
				ENABLE_STRICT_OBJC_MSGSEND = YES;
				GCC_C_LANGUAGE_STANDARD = gnu11;
				GCC_NO_COMMON_BLOCKS = YES;
				GCC_WARN_64_TO_32_BIT_CONVERSION = YES;
				GCC_WARN_ABOUT_RETURN_TYPE = YES_ERROR;
				GCC_WARN_UNDECLARED_SELECTOR = YES;
				GCC_WARN_UNINITIALIZED_AUTOS = YES_AGGRESSIVE;
				GCC_WARN_UNUSED_FUNCTION = YES;
				GCC_WARN_UNUSED_VARIABLE = YES;
				IPHONEOS_DEPLOYMENT_TARGET = 11.4;
				MTL_ENABLE_DEBUG_INFO = NO;
				SDKROOT = iphoneos;
				SWIFT_COMPILATION_MODE = wholemodule;
				SWIFT_OPTIMIZATION_LEVEL = "-O";
				VALIDATE_PRODUCT = YES;
			};
			name = Release;
		};
		66FD0D43215B4FB0003B4930 /* Debug */ = {
			isa = XCBuildConfiguration;
			buildSettings = {
				ASSETCATALOG_COMPILER_APPICON_NAME = AppIcon;
				CODE_SIGN_STYLE = Automatic;
				INFOPLIST_FILE = RamaraoJsonAssignment/Info.plist;
				LD_RUNPATH_SEARCH_PATHS = (
					"$(inherited)",
					"@executable_path/Frameworks",
				);
				PRODUCT_BUNDLE_IDENTIFIER = SALTSIDE.RamaraoJsonAssignment;
				PRODUCT_NAME = "$(TARGET_NAME)";
				SWIFT_VERSION = 4.0;
				TARGETED_DEVICE_FAMILY = "1,2";
			};
			name = Debug;
		};
		66FD0D44215B4FB0003B4930 /* Release */ = {
			isa = XCBuildConfiguration;
			buildSettings = {
				ASSETCATALOG_COMPILER_APPICON_NAME = AppIcon;
				CODE_SIGN_STYLE = Automatic;
				INFOPLIST_FILE = RamaraoJsonAssignment/Info.plist;
				LD_RUNPATH_SEARCH_PATHS = (
					"$(inherited)",
					"@executable_path/Frameworks",
				);
				PRODUCT_BUNDLE_IDENTIFIER = SALTSIDE.RamaraoJsonAssignment;
				PRODUCT_NAME = "$(TARGET_NAME)";
				SWIFT_VERSION = 4.0;
				TARGETED_DEVICE_FAMILY = "1,2";
			};
			name = Release;
		};
/* End XCBuildConfiguration section */

/* Begin XCConfigurationList section */
		66FD0D26215B4FAF003B4930 /* Build configuration list for PBXProject "RamaraoJsonAssignment" */ = {
			isa = XCConfigurationList;
			buildConfigurations = (
				66FD0D40215B4FB0003B4930 /* Debug */,
				66FD0D41215B4FB0003B4930 /* Release */,
			);
			defaultConfigurationIsVisible = 0;
			defaultConfigurationName = Release;
		};
		66FD0D42215B4FB0003B4930 /* Build configuration list for PBXNativeTarget "RamaraoJsonAssignment" */ = {
			isa = XCConfigurationList;
			buildConfigurations = (
				66FD0D43215B4FB0003B4930 /* Debug */,
				66FD0D44215B4FB0003B4930 /* Release */,
			);
			defaultConfigurationIsVisible = 0;
			defaultConfigurationName = Release;
		};
/* End XCConfigurationList section */

/* Begin XCVersionGroup section */
		66FD0D30215B4FAF003B4930 /* RamaraoJsonAssignment.xcdatamodeld */ = {
			isa = XCVersionGroup;
			children = (
				66FD0D31215B4FAF003B4930 /* RamaraoJsonAssignment.xcdatamodel */,
			);
			currentVersion = 66FD0D31215B4FAF003B4930 /* RamaraoJsonAssignment.xcdatamodel */;
			path = RamaraoJsonAssignment.xcdatamodeld;
			sourceTree = "<group>";
			versionGroupType = wrapper.xcdatamodel;
		};
/* End XCVersionGroup section */
	};
	rootObject = 66FD0D23215B4FAF003B4930 /* Project object */;
}
